
Microsoft Visual Studio Solution File, Format Version 12.00
# Visual Studio Version 17
VisualStudioVersion = 17.3.32804.467
MinimumVisualStudioVersion = 10.0.40219.1
Project("{9A19103F-16F7-4668-BE54-9A1E7A4F7556}") = "Fireasy.Common", "libraries\Fireasy.Common\Fireasy.Common.csproj", "{196E9346-3927-422D-A465-68929FB6301B}"
EndProject
Project("{2150E333-8FDC-42A3-9474-1A3956D46DE8}") = "libraries", "libraries", "{83D4C007-0E79-4211-9B0B-D9DADA820DCB}"
EndProject
Project("{9A19103F-16F7-4668-BE54-9A1E7A4F7556}") = "Fireasy.Configuration", "libraries\Fireasy.Configuration\Fireasy.Configuration.csproj", "{4FD195B1-1A85-48A2-9699-28670CF18ECB}"
EndProject
Project("{9A19103F-16F7-4668-BE54-9A1E7A4F7556}") = "Fireasy.Data", "libraries\Fireasy.Data\Fireasy.Data.csproj", "{ED2174EA-C344-4A0B-9B26-790F8D562D9B}"
EndProject
Project("{9A19103F-16F7-4668-BE54-9A1E7A4F7556}") = "Fireasy.Data.Entity", "libraries\Fireasy.Data.Entity\Fireasy.Data.Entity.csproj", "{53401BF0-26E8-4955-BA91-52009114E15E}"
EndProject
Project("{9A19103F-16F7-4668-BE54-9A1E7A4F7556}") = "Fireasy.Data.Abstractions", "libraries\Fireasy.Data.Abstractions\Fireasy.Data.Abstractions.csproj", "{59FA4536-E4A1-4215-B17A-1884754DE212}"
EndProject
Project("{9A19103F-16F7-4668-BE54-9A1E7A4F7556}") = "Fireasy.AspNetCore", "libraries\Fireasy.AspNetCore\Fireasy.AspNetCore.csproj", "{3707E130-9F29-49F7-BA41-29E4CEDC4AA1}"
EndProject
Project("{9A19103F-16F7-4668-BE54-9A1E7A4F7556}") = "Fireasy.Windows.Forms", "libraries\Fireasy.Windows.Forms\Fireasy.Windows.Forms.csproj", "{2332C91D-6D4A-4084-A38D-9B8C9E8B52C8}"
EndProject
Project("{9A19103F-16F7-4668-BE54-9A1E7A4F7556}") = "Fireasy.Windows.Forms.TreeList", "libraries\Fireasy.Windows.Forms.TreeList\Fireasy.Windows.Forms.TreeList.csproj", "{18A6A7A5-9184-44B3-96C4-1F07E8A182C3}"
EndProject
Project("{9A19103F-16F7-4668-BE54-9A1E7A4F7556}") = "Fireasy.Data.Entity.Abstractions", "libraries\Fireasy.Data.Entity.Abstractions\Fireasy.Data.Entity.Abstractions.csproj", "{C3F22DBA-B4A8-4F4A-893A-DCE33D5FA33C}"
EndProject
Project("{9A19103F-16F7-4668-BE54-9A1E7A4F7556}") = "Fireasy.UnitOfWork", "libraries\Fireasy.UnitOfWork\Fireasy.UnitOfWork.csproj", "{F9F8409C-2689-419F-B19A-77F137CE34C7}"
EndProject
Project("{9A19103F-16F7-4668-BE54-9A1E7A4F7556}") = "Fireasy.Windows.Forms.Docking", "libraries\Fireasy.Windows.Forms.Docking\Fireasy.Windows.Forms.Docking.csproj", "{7C9B14A1-0F5E-4C08-8C73-8D9552B2F1E1}"
EndProject
Project("{9A19103F-16F7-4668-BE54-9A1E7A4F7556}") = "Fireasy.AspNetCore.WebSockets", "libraries\Fireasy.AspNetCore.WebSockets\Fireasy.AspNetCore.WebSockets.csproj", "{F0004114-88BD-45EC-A7E1-B392938CC398}"
EndProject
Project("{9A19103F-16F7-4668-BE54-9A1E7A4F7556}") = "Fireasy.DistributedLocking.Abstractions", "libraries\Fireasy.DistributedLocking.Abstractions\Fireasy.DistributedLocking.Abstractions.csproj", "{AF42E661-07BE-46E9-9D8D-2F476866604A}"
EndProject
Project("{2150E333-8FDC-42A3-9474-1A3956D46DE8}") = "Windows.Forms", "Windows.Forms", "{E875CA59-0222-4A41-9E74-E78D71F43E4A}"
EndProject
Project("{2150E333-8FDC-42A3-9474-1A3956D46DE8}") = "Data", "Data", "{D61D8A49-0157-4E68-A53A-10207D4359BB}"
EndProject
Project("{2150E333-8FDC-42A3-9474-1A3956D46DE8}") = "Common", "Common", "{805224AD-95E2-45AA-8F33-FF0BD9788196}"
EndProject
Project("{2150E333-8FDC-42A3-9474-1A3956D46DE8}") = "AspNetCore", "AspNetCore", "{27B2360D-FD68-4B70-96C7-4D041EC68754}"
EndProject
Project("{9A19103F-16F7-4668-BE54-9A1E7A4F7556}") = "Fireasy.Caching.Abstractions", "libraries\Fireasy.Caching.Abstractions\Fireasy.Caching.Abstractions.csproj", "{2D778E2D-A10C-42C4-AC20-E4E1B446DA03}"
EndProject
Project("{9A19103F-16F7-4668-BE54-9A1E7A4F7556}") = "Fireasy.ObjectMapping.Abstractions", "libraries\Fireasy.ObjectMapping.Abstractions\Fireasy.ObjectMapping.Abstractions.csproj", "{26FAAF10-57B1-4541-8DF2-6FC545804887}"
EndProject
Project("{9A19103F-16F7-4668-BE54-9A1E7A4F7556}") = "Fireasy.CSRedisCore", "libraries\Fireasy.CSRedisCore\Fireasy.CSRedisCore.csproj", "{14C12600-050D-4CBF-8F9E-339851ADEC38}"
EndProject
Project("{9A19103F-16F7-4668-BE54-9A1E7A4F7556}") = "Fireasy.StackExchange.Redis", "libraries\Fireasy.StackExchange.Redis\Fireasy.StackExchange.Redis.csproj", "{E8BA62D4-C591-4209-92C2-A1DCF0D2A79F}"
EndProject
Project("{9A19103F-16F7-4668-BE54-9A1E7A4F7556}") = "Fireasy.AutoMapper", "libraries\Fireasy.AutoMapper\Fireasy.AutoMapper.csproj", "{46207A27-13DD-4A32-81A9-22AECEE82D8A}"
EndProject
Project("{9A19103F-16F7-4668-BE54-9A1E7A4F7556}") = "Fireasy.Mapster", "libraries\Fireasy.Mapster\Fireasy.Mapster.csproj", "{909DF5F2-3026-470E-A59C-C59EC325E673}"
EndProject
Project("{2150E333-8FDC-42A3-9474-1A3956D46DE8}") = "Impls", "Impls", "{65C5FBD5-3AE9-443E-ABCB-02FAAD788B52}"
EndProject
Project("{9A19103F-16F7-4668-BE54-9A1E7A4F7556}") = "Fireasy.FreeRedis", "libraries\Fireasy.FreeRedis\Fireasy.FreeRedis.csproj", "{9C189FA3-244F-470F-9BBB-7AC50D437B80}"
EndProject
Project("{9A19103F-16F7-4668-BE54-9A1E7A4F7556}") = "Fireasy.Modularity", "libraries\Fireasy.Modularity\Fireasy.Modularity.csproj", "{08EE6719-FD05-472F-9658-0A5AA36521FA}"
EndProject
Project("{9A19103F-16F7-4668-BE54-9A1E7A4F7556}") = "Fireasy.Data.Configuration", "libraries\Fireasy.Data.Configuration\Fireasy.Data.Configuration.csproj", "{59B28265-5442-4229-9B57-3DAD30421E0E}"
EndProject
Project("{2150E333-8FDC-42A3-9474-1A3956D46DE8}") = "tests", "tests", "{2AE709CC-12C5-4B25-9006-2453CA8E572F}"
EndProject
Project("{9A19103F-16F7-4668-BE54-9A1E7A4F7556}") = "Fireasy.Common.Tests", "tests\Fireasy.Common.Tests\Fireasy.Common.Tests.csproj", "{3452B410-DD92-4416-8759-AB7A00FB9122}"
EndProject
Project("{9A19103F-16F7-4668-BE54-9A1E7A4F7556}") = "Fireasy.Configuration.Tests", "tests\Fireasy.Configuration.Tests\Fireasy.Configuration.Tests.csproj", "{C435747A-9512-4D2C-818E-52C995804689}"
EndProject
Project("{9A19103F-16F7-4668-BE54-9A1E7A4F7556}") = "Fireasy.Tests.Base", "tests\Fireasy.Tests.Base\Fireasy.Tests.Base.csproj", "{1C4654F4-7508-436C-892E-0196A632C163}"
EndProject
Project("{9A19103F-16F7-4668-BE54-9A1E7A4F7556}") = "Fireasy.Data.Tests", "tests\Fireasy.Data.Tests\Fireasy.Data.Tests.csproj", "{9F8CDCD2-B15A-4EA5-94F6-585225875F44}"
EndProject
Project("{9A19103F-16F7-4668-BE54-9A1E7A4F7556}") = "Fireasy.Data.OleDb", "libraries\Fireasy.Data.OleDb\Fireasy.Data.OleDb.csproj", "{EAA313FA-D43A-4B5D-B71E-9229BAA54518}"
EndProject
Project("{9A19103F-16F7-4668-BE54-9A1E7A4F7556}") = "Fireasy.Windows.Forms.Editors", "libraries\Fireasy.Windows.Forms.Editors\Fireasy.Windows.Forms.Editors.csproj", "{339588A4-5E88-4104-993C-106154969CF7}"
EndProject
Project("{2150E333-8FDC-42A3-9474-1A3956D46DE8}") = "samples", "samples", "{EC468ED2-8317-4FA5-BFF8-24CBA11071B4}"
EndProject
Project("{9A19103F-16F7-4668-BE54-9A1E7A4F7556}") = "Fireasy.Windows.Forms.SampleNet7", "samples\Fireasy.Windows.Forms.SampleNet7\Fireasy.Windows.Forms.SampleNet7.csproj", "{314724CE-4BA0-404F-A298-402392544ABC}"
EndProject
Project("{FAE04EC0-301F-11D3-BF4B-00C04F79EFBC}") = "Fireasy.Windows.Forms.SampleNet472", "samples\Fireasy.Windows.Forms.SampleNet472\Fireasy.Windows.Forms.SampleNet472.csproj", "{2B05A9D2-D54C-4E8B-B16A-579DCB97D87C}"
EndProject
Project("{9A19103F-16F7-4668-BE54-9A1E7A4F7556}") = "Fireasy.MongoDB", "libraries\Fireasy.MongoDB\Fireasy.MongoDB.csproj", "{F6A19D98-303A-4359-BE4B-A57FB91EDC5B}"
EndProject
Project("{9A19103F-16F7-4668-BE54-9A1E7A4F7556}") = "Fireasy.Common.Analyzers", "libraries\Fireasy.Common.Analyzers\Fireasy.Common.Analyzers.csproj", "{3D744C0E-771B-4B78-91A2-BF7990305446}"
EndProject
Project("{9A19103F-16F7-4668-BE54-9A1E7A4F7556}") = "Fireasy.CodeCompiler.VisualBasic", "libraries\Fireasy.CodeCompiler.VisualBasic\Fireasy.CodeCompiler.VisualBasic.csproj", "{B7027D2A-E495-4EC1-8369-09F9DD6680A8}"
EndProject
Project("{9A19103F-16F7-4668-BE54-9A1E7A4F7556}") = "Fireasy.Composition", "libraries\Fireasy.Composition\Fireasy.Composition.csproj", "{9EC09942-E93F-4B9D-9723-89BC6567FD9C}"
EndProject
Project("{9A19103F-16F7-4668-BE54-9A1E7A4F7556}") = "Fireasy.Composition.Tests", "tests\Fireasy.Composition.Tests\Fireasy.Composition.Tests.csproj", "{CB39C7EE-B5B9-405A-8C4E-BA0E6F520846}"
EndProject
Project("{9A19103F-16F7-4668-BE54-9A1E7A4F7556}") = "Fireasy.AspNetCore.SampleWebApi", "samples\Fireasy.AspNetCore.SampleWebApi\Fireasy.AspNetCore.SampleWebApi.csproj", "{D7D58FAF-60BE-4F2A-8845-D8D5357E8FA8}"
EndProject
Project("{FAE04EC0-301F-11D3-BF4B-00C04F79EFBC}") = "Fireasy.Data.Analyzers", "libraries\Fireasy.Data.Analyzers\Fireasy.Data.Analyzers.csproj", "{C5F0505C-E093-49AC-83FF-92C00D94F88E}"
EndProject
Global
	GlobalSection(SolutionConfigurationPlatforms) = preSolution
		Debug|Any CPU = Debug|Any CPU
		Release|Any CPU = Release|Any CPU
	EndGlobalSection
	GlobalSection(ProjectConfigurationPlatforms) = postSolution
		{196E9346-3927-422D-A465-68929FB6301B}.Debug|Any CPU.ActiveCfg = Debug|Any CPU
		{196E9346-3927-422D-A465-68929FB6301B}.Debug|Any CPU.Build.0 = Debug|Any CPU
		{196E9346-3927-422D-A465-68929FB6301B}.Release|Any CPU.ActiveCfg = Release|Any CPU
		{196E9346-3927-422D-A465-68929FB6301B}.Release|Any CPU.Build.0 = Release|Any CPU
		{4FD195B1-1A85-48A2-9699-28670CF18ECB}.Debug|Any CPU.ActiveCfg = Debug|Any CPU
		{4FD195B1-1A85-48A2-9699-28670CF18ECB}.Debug|Any CPU.Build.0 = Debug|Any CPU
		{4FD195B1-1A85-48A2-9699-28670CF18ECB}.Release|Any CPU.ActiveCfg = Release|Any CPU
		{4FD195B1-1A85-48A2-9699-28670CF18ECB}.Release|Any CPU.Build.0 = Release|Any CPU
		{ED2174EA-C344-4A0B-9B26-790F8D562D9B}.Debug|Any CPU.ActiveCfg = Debug|Any CPU
		{ED2174EA-C344-4A0B-9B26-790F8D562D9B}.Debug|Any CPU.Build.0 = Debug|Any CPU
		{ED2174EA-C344-4A0B-9B26-790F8D562D9B}.Release|Any CPU.ActiveCfg = Release|Any CPU
		{ED2174EA-C344-4A0B-9B26-790F8D562D9B}.Release|Any CPU.Build.0 = Release|Any CPU
		{53401BF0-26E8-4955-BA91-52009114E15E}.Debug|Any CPU.ActiveCfg = Debug|Any CPU
		{53401BF0-26E8-4955-BA91-52009114E15E}.Release|Any CPU.ActiveCfg = Release|Any CPU
		{53401BF0-26E8-4955-BA91-52009114E15E}.Release|Any CPU.Build.0 = Release|Any CPU
		{59FA4536-E4A1-4215-B17A-1884754DE212}.Debug|Any CPU.ActiveCfg = Debug|Any CPU
		{59FA4536-E4A1-4215-B17A-1884754DE212}.Debug|Any CPU.Build.0 = Debug|Any CPU
		{59FA4536-E4A1-4215-B17A-1884754DE212}.Release|Any CPU.ActiveCfg = Release|Any CPU
		{59FA4536-E4A1-4215-B17A-1884754DE212}.Release|Any CPU.Build.0 = Release|Any CPU
		{3707E130-9F29-49F7-BA41-29E4CEDC4AA1}.Debug|Any CPU.ActiveCfg = Debug|Any CPU
		{3707E130-9F29-49F7-BA41-29E4CEDC4AA1}.Release|Any CPU.ActiveCfg = Release|Any CPU
		{3707E130-9F29-49F7-BA41-29E4CEDC4AA1}.Release|Any CPU.Build.0 = Release|Any CPU
		{2332C91D-6D4A-4084-A38D-9B8C9E8B52C8}.Debug|Any CPU.ActiveCfg = Debug|Any CPU
		{2332C91D-6D4A-4084-A38D-9B8C9E8B52C8}.Debug|Any CPU.Build.0 = Debug|Any CPU
		{2332C91D-6D4A-4084-A38D-9B8C9E8B52C8}.Release|Any CPU.ActiveCfg = Release|Any CPU
		{2332C91D-6D4A-4084-A38D-9B8C9E8B52C8}.Release|Any CPU.Build.0 = Release|Any CPU
		{18A6A7A5-9184-44B3-96C4-1F07E8A182C3}.Debug|Any CPU.ActiveCfg = Debug|Any CPU
		{18A6A7A5-9184-44B3-96C4-1F07E8A182C3}.Debug|Any CPU.Build.0 = Debug|Any CPU
		{18A6A7A5-9184-44B3-96C4-1F07E8A182C3}.Release|Any CPU.ActiveCfg = Release|Any CPU
		{18A6A7A5-9184-44B3-96C4-1F07E8A182C3}.Release|Any CPU.Build.0 = Release|Any CPU
		{C3F22DBA-B4A8-4F4A-893A-DCE33D5FA33C}.Debug|Any CPU.ActiveCfg = Debug|Any CPU
		{C3F22DBA-B4A8-4F4A-893A-DCE33D5FA33C}.Release|Any CPU.ActiveCfg = Release|Any CPU
		{C3F22DBA-B4A8-4F4A-893A-DCE33D5FA33C}.Release|Any CPU.Build.0 = Release|Any CPU
		{F9F8409C-2689-419F-B19A-77F137CE34C7}.Debug|Any CPU.ActiveCfg = Debug|Any CPU
		{F9F8409C-2689-419F-B19A-77F137CE34C7}.Release|Any CPU.ActiveCfg = Release|Any CPU
		{F9F8409C-2689-419F-B19A-77F137CE34C7}.Release|Any CPU.Build.0 = Release|Any CPU
		{7C9B14A1-0F5E-4C08-8C73-8D9552B2F1E1}.Debug|Any CPU.ActiveCfg = Debug|Any CPU
		{7C9B14A1-0F5E-4C08-8C73-8D9552B2F1E1}.Release|Any CPU.ActiveCfg = Release|Any CPU
		{7C9B14A1-0F5E-4C08-8C73-8D9552B2F1E1}.Release|Any CPU.Build.0 = Release|Any CPU
		{F0004114-88BD-45EC-A7E1-B392938CC398}.Debug|Any CPU.ActiveCfg = Debug|Any CPU
		{F0004114-88BD-45EC-A7E1-B392938CC398}.Release|Any CPU.ActiveCfg = Release|Any CPU
		{F0004114-88BD-45EC-A7E1-B392938CC398}.Release|Any CPU.Build.0 = Release|Any CPU
		{AF42E661-07BE-46E9-9D8D-2F476866604A}.Debug|Any CPU.ActiveCfg = Debug|Any CPU
		{AF42E661-07BE-46E9-9D8D-2F476866604A}.Release|Any CPU.ActiveCfg = Release|Any CPU
		{AF42E661-07BE-46E9-9D8D-2F476866604A}.Release|Any CPU.Build.0 = Release|Any CPU
		{2D778E2D-A10C-42C4-AC20-E4E1B446DA03}.Debug|Any CPU.ActiveCfg = Debug|Any CPU
		{2D778E2D-A10C-42C4-AC20-E4E1B446DA03}.Release|Any CPU.ActiveCfg = Release|Any CPU
		{2D778E2D-A10C-42C4-AC20-E4E1B446DA03}.Release|Any CPU.Build.0 = Release|Any CPU
		{26FAAF10-57B1-4541-8DF2-6FC545804887}.Debug|Any CPU.ActiveCfg = Debug|Any CPU
		{26FAAF10-57B1-4541-8DF2-6FC545804887}.Release|Any CPU.ActiveCfg = Release|Any CPU
		{26FAAF10-57B1-4541-8DF2-6FC545804887}.Release|Any CPU.Build.0 = Release|Any CPU
		{14C12600-050D-4CBF-8F9E-339851ADEC38}.Debug|Any CPU.ActiveCfg = Debug|Any CPU
		{14C12600-050D-4CBF-8F9E-339851ADEC38}.Release|Any CPU.ActiveCfg = Release|Any CPU
		{14C12600-050D-4CBF-8F9E-339851ADEC38}.Release|Any CPU.Build.0 = Release|Any CPU
		{E8BA62D4-C591-4209-92C2-A1DCF0D2A79F}.Debug|Any CPU.ActiveCfg = Debug|Any CPU
		{E8BA62D4-C591-4209-92C2-A1DCF0D2A79F}.Release|Any CPU.ActiveCfg = Release|Any CPU
		{E8BA62D4-C591-4209-92C2-A1DCF0D2A79F}.Release|Any CPU.Build.0 = Release|Any CPU
		{46207A27-13DD-4A32-81A9-22AECEE82D8A}.Debug|Any CPU.ActiveCfg = Debug|Any CPU
		{46207A27-13DD-4A32-81A9-22AECEE82D8A}.Release|Any CPU.ActiveCfg = Release|Any CPU
		{46207A27-13DD-4A32-81A9-22AECEE82D8A}.Release|Any CPU.Build.0 = Release|Any CPU
		{909DF5F2-3026-470E-A59C-C59EC325E673}.Debug|Any CPU.ActiveCfg = Debug|Any CPU
		{909DF5F2-3026-470E-A59C-C59EC325E673}.Release|Any CPU.ActiveCfg = Release|Any CPU
		{909DF5F2-3026-470E-A59C-C59EC325E673}.Release|Any CPU.Build.0 = Release|Any CPU
		{9C189FA3-244F-470F-9BBB-7AC50D437B80}.Debug|Any CPU.ActiveCfg = Debug|Any CPU
		{9C189FA3-244F-470F-9BBB-7AC50D437B80}.Release|Any CPU.ActiveCfg = Release|Any CPU
		{9C189FA3-244F-470F-9BBB-7AC50D437B80}.Release|Any CPU.Build.0 = Release|Any CPU
		{08EE6719-FD05-472F-9658-0A5AA36521FA}.Debug|Any CPU.ActiveCfg = Debug|Any CPU
		{08EE6719-FD05-472F-9658-0A5AA36521FA}.Release|Any CPU.ActiveCfg = Release|Any CPU
		{08EE6719-FD05-472F-9658-0A5AA36521FA}.Release|Any CPU.Build.0 = Release|Any CPU
		{59B28265-5442-4229-9B57-3DAD30421E0E}.Debug|Any CPU.ActiveCfg = Debug|Any CPU
		{59B28265-5442-4229-9B57-3DAD30421E0E}.Debug|Any CPU.Build.0 = Debug|Any CPU
		{59B28265-5442-4229-9B57-3DAD30421E0E}.Release|Any CPU.ActiveCfg = Release|Any CPU
		{59B28265-5442-4229-9B57-3DAD30421E0E}.Release|Any CPU.Build.0 = Release|Any CPU
		{3452B410-DD92-4416-8759-AB7A00FB9122}.Debug|Any CPU.ActiveCfg = Debug|Any CPU
		{3452B410-DD92-4416-8759-AB7A00FB9122}.Debug|Any CPU.Build.0 = Debug|Any CPU
		{3452B410-DD92-4416-8759-AB7A00FB9122}.Release|Any CPU.ActiveCfg = Release|Any CPU
		{3452B410-DD92-4416-8759-AB7A00FB9122}.Release|Any CPU.Build.0 = Release|Any CPU
		{C435747A-9512-4D2C-818E-52C995804689}.Debug|Any CPU.ActiveCfg = Debug|Any CPU
		{C435747A-9512-4D2C-818E-52C995804689}.Debug|Any CPU.Build.0 = Debug|Any CPU
		{C435747A-9512-4D2C-818E-52C995804689}.Release|Any CPU.ActiveCfg = Release|Any CPU
		{C435747A-9512-4D2C-818E-52C995804689}.Release|Any CPU.Build.0 = Release|Any CPU
		{1C4654F4-7508-436C-892E-0196A632C163}.Debug|Any CPU.ActiveCfg = Debug|Any CPU
		{1C4654F4-7508-436C-892E-0196A632C163}.Debug|Any CPU.Build.0 = Debug|Any CPU
		{1C4654F4-7508-436C-892E-0196A632C163}.Release|Any CPU.ActiveCfg = Release|Any CPU
		{1C4654F4-7508-436C-892E-0196A632C163}.Release|Any CPU.Build.0 = Release|Any CPU
		{9F8CDCD2-B15A-4EA5-94F6-585225875F44}.Debug|Any CPU.ActiveCfg = Debug|Any CPU
		{9F8CDCD2-B15A-4EA5-94F6-585225875F44}.Debug|Any CPU.Build.0 = Debug|Any CPU
		{9F8CDCD2-B15A-4EA5-94F6-585225875F44}.Release|Any CPU.ActiveCfg = Release|Any CPU
		{9F8CDCD2-B15A-4EA5-94F6-585225875F44}.Release|Any CPU.Build.0 = Release|Any CPU
		{EAA313FA-D43A-4B5D-B71E-9229BAA54518}.Debug|Any CPU.ActiveCfg = Debug|Any CPU
		{EAA313FA-D43A-4B5D-B71E-9229BAA54518}.Debug|Any CPU.Build.0 = Debug|Any CPU
		{EAA313FA-D43A-4B5D-B71E-9229BAA54518}.Release|Any CPU.ActiveCfg = Release|Any CPU
		{EAA313FA-D43A-4B5D-B71E-9229BAA54518}.Release|Any CPU.Build.0 = Release|Any CPU
		{339588A4-5E88-4104-993C-106154969CF7}.Debug|Any CPU.ActiveCfg = Debug|Any CPU
		{339588A4-5E88-4104-993C-106154969CF7}.Debug|Any CPU.Build.0 = Debug|Any CPU
		{339588A4-5E88-4104-993C-106154969CF7}.Release|Any CPU.ActiveCfg = Release|Any CPU
		{339588A4-5E88-4104-993C-106154969CF7}.Release|Any CPU.Build.0 = Release|Any CPU
		{314724CE-4BA0-404F-A298-402392544ABC}.Debug|Any CPU.ActiveCfg = Debug|Any CPU
		{314724CE-4BA0-404F-A298-402392544ABC}.Debug|Any CPU.Build.0 = Debug|Any CPU
		{314724CE-4BA0-404F-A298-402392544ABC}.Release|Any CPU.ActiveCfg = Release|Any CPU
		{314724CE-4BA0-404F-A298-402392544ABC}.Release|Any CPU.Build.0 = Release|Any CPU
		{2B05A9D2-D54C-4E8B-B16A-579DCB97D87C}.Debug|Any CPU.ActiveCfg = Debug|Any CPU
		{2B05A9D2-D54C-4E8B-B16A-579DCB97D87C}.Debug|Any CPU.Build.0 = Debug|Any CPU
		{2B05A9D2-D54C-4E8B-B16A-579DCB97D87C}.Release|Any CPU.ActiveCfg = Release|Any CPU
		{2B05A9D2-D54C-4E8B-B16A-579DCB97D87C}.Release|Any CPU.Build.0 = Release|Any CPU
		{F6A19D98-303A-4359-BE4B-A57FB91EDC5B}.Debug|Any CPU.ActiveCfg = Debug|Any CPU
		{F6A19D98-303A-4359-BE4B-A57FB91EDC5B}.Debug|Any CPU.Build.0 = Debug|Any CPU
		{F6A19D98-303A-4359-BE4B-A57FB91EDC5B}.Release|Any CPU.ActiveCfg = Release|Any CPU
		{F6A19D98-303A-4359-BE4B-A57FB91EDC5B}.Release|Any CPU.Build.0 = Release|Any CPU
		{3D744C0E-771B-4B78-91A2-BF7990305446}.Debug|Any CPU.ActiveCfg = Debug|Any CPU
		{3D744C0E-771B-4B78-91A2-BF7990305446}.Debug|Any CPU.Build.0 = Debug|Any CPU
		{3D744C0E-771B-4B78-91A2-BF7990305446}.Release|Any CPU.ActiveCfg = Release|Any CPU
		{3D744C0E-771B-4B78-91A2-BF7990305446}.Release|Any CPU.Build.0 = Release|Any CPU
		{B7027D2A-E495-4EC1-8369-09F9DD6680A8}.Debug|Any CPU.ActiveCfg = Debug|Any CPU
		{B7027D2A-E495-4EC1-8369-09F9DD6680A8}.Debug|Any CPU.Build.0 = Debug|Any CPU
		{B7027D2A-E495-4EC1-8369-09F9DD6680A8}.Release|Any CPU.ActiveCfg = Release|Any CPU
		{B7027D2A-E495-4EC1-8369-09F9DD6680A8}.Release|Any CPU.Build.0 = Release|Any CPU
		{9EC09942-E93F-4B9D-9723-89BC6567FD9C}.Debug|Any CPU.ActiveCfg = Debug|Any CPU
		{9EC09942-E93F-4B9D-9723-89BC6567FD9C}.Debug|Any CPU.Build.0 = Debug|Any CPU
		{9EC09942-E93F-4B9D-9723-89BC6567FD9C}.Release|Any CPU.ActiveCfg = Release|Any CPU
		{9EC09942-E93F-4B9D-9723-89BC6567FD9C}.Release|Any CPU.Build.0 = Release|Any CPU
		{CB39C7EE-B5B9-405A-8C4E-BA0E6F520846}.Debug|Any CPU.ActiveCfg = Debug|Any CPU
		{CB39C7EE-B5B9-405A-8C4E-BA0E6F520846}.Debug|Any CPU.Build.0 = Debug|Any CPU
		{CB39C7EE-B5B9-405A-8C4E-BA0E6F520846}.Release|Any CPU.ActiveCfg = Release|Any CPU
		{CB39C7EE-B5B9-405A-8C4E-BA0E6F520846}.Release|Any CPU.Build.0 = Release|Any CPU
		{D7D58FAF-60BE-4F2A-8845-D8D5357E8FA8}.Debug|Any CPU.ActiveCfg = Debug|Any CPU
		{D7D58FAF-60BE-4F2A-8845-D8D5357E8FA8}.Debug|Any CPU.Build.0 = Debug|Any CPU
		{D7D58FAF-60BE-4F2A-8845-D8D5357E8FA8}.Release|Any CPU.ActiveCfg = Release|Any CPU
		{D7D58FAF-60BE-4F2A-8845-D8D5357E8FA8}.Release|Any CPU.Build.0 = Release|Any CPU
		{C5F0505C-E093-49AC-83FF-92C00D94F88E}.Debug|Any CPU.ActiveCfg = Debug|Any CPU
		{C5F0505C-E093-49AC-83FF-92C00D94F88E}.Debug|Any CPU.Build.0 = Debug|Any CPU
		{C5F0505C-E093-49AC-83FF-92C00D94F88E}.Release|Any CPU.ActiveCfg = Release|Any CPU
		{C5F0505C-E093-49AC-83FF-92C00D94F88E}.Release|Any CPU.Build.0 = Release|Any CPU
	EndGlobalSection
	GlobalSection(SolutionProperties) = preSolution
		HideSolutionNode = FALSE
	EndGlobalSection
	GlobalSection(NestedProjects) = preSolution
		{196E9346-3927-422D-A465-68929FB6301B} = {805224AD-95E2-45AA-8F33-FF0BD9788196}
		{4FD195B1-1A85-48A2-9699-28670CF18ECB} = {805224AD-95E2-45AA-8F33-FF0BD9788196}
		{ED2174EA-C344-4A0B-9B26-790F8D562D9B} = {D61D8A49-0157-4E68-A53A-10207D4359BB}
		{53401BF0-26E8-4955-BA91-52009114E15E} = {D61D8A49-0157-4E68-A53A-10207D4359BB}
		{59FA4536-E4A1-4215-B17A-1884754DE212} = {D61D8A49-0157-4E68-A53A-10207D4359BB}
		{3707E130-9F29-49F7-BA41-29E4CEDC4AA1} = {27B2360D-FD68-4B70-96C7-4D041EC68754}
		{2332C91D-6D4A-4084-A38D-9B8C9E8B52C8} = {E875CA59-0222-4A41-9E74-E78D71F43E4A}
		{18A6A7A5-9184-44B3-96C4-1F07E8A182C3} = {E875CA59-0222-4A41-9E74-E78D71F43E4A}
		{C3F22DBA-B4A8-4F4A-893A-DCE33D5FA33C} = {D61D8A49-0157-4E68-A53A-10207D4359BB}
		{F9F8409C-2689-419F-B19A-77F137CE34C7} = {805224AD-95E2-45AA-8F33-FF0BD9788196}
		{7C9B14A1-0F5E-4C08-8C73-8D9552B2F1E1} = {E875CA59-0222-4A41-9E74-E78D71F43E4A}
		{F0004114-88BD-45EC-A7E1-B392938CC398} = {27B2360D-FD68-4B70-96C7-4D041EC68754}
		{AF42E661-07BE-46E9-9D8D-2F476866604A} = {805224AD-95E2-45AA-8F33-FF0BD9788196}
		{E875CA59-0222-4A41-9E74-E78D71F43E4A} = {83D4C007-0E79-4211-9B0B-D9DADA820DCB}
		{D61D8A49-0157-4E68-A53A-10207D4359BB} = {83D4C007-0E79-4211-9B0B-D9DADA820DCB}
		{805224AD-95E2-45AA-8F33-FF0BD9788196} = {83D4C007-0E79-4211-9B0B-D9DADA820DCB}
		{27B2360D-FD68-4B70-96C7-4D041EC68754} = {83D4C007-0E79-4211-9B0B-D9DADA820DCB}
		{2D778E2D-A10C-42C4-AC20-E4E1B446DA03} = {805224AD-95E2-45AA-8F33-FF0BD9788196}
		{26FAAF10-57B1-4541-8DF2-6FC545804887} = {805224AD-95E2-45AA-8F33-FF0BD9788196}
		{14C12600-050D-4CBF-8F9E-339851ADEC38} = {65C5FBD5-3AE9-443E-ABCB-02FAAD788B52}
		{E8BA62D4-C591-4209-92C2-A1DCF0D2A79F} = {65C5FBD5-3AE9-443E-ABCB-02FAAD788B52}
		{46207A27-13DD-4A32-81A9-22AECEE82D8A} = {65C5FBD5-3AE9-443E-ABCB-02FAAD788B52}
		{909DF5F2-3026-470E-A59C-C59EC325E673} = {65C5FBD5-3AE9-443E-ABCB-02FAAD788B52}
		{65C5FBD5-3AE9-443E-ABCB-02FAAD788B52} = {83D4C007-0E79-4211-9B0B-D9DADA820DCB}
		{9C189FA3-244F-470F-9BBB-7AC50D437B80} = {65C5FBD5-3AE9-443E-ABCB-02FAAD788B52}
		{08EE6719-FD05-472F-9658-0A5AA36521FA} = {805224AD-95E2-45AA-8F33-FF0BD9788196}
		{59B28265-5442-4229-9B57-3DAD30421E0E} = {D61D8A49-0157-4E68-A53A-10207D4359BB}
		{3452B410-DD92-4416-8759-AB7A00FB9122} = {2AE709CC-12C5-4B25-9006-2453CA8E572F}
		{C435747A-9512-4D2C-818E-52C995804689} = {2AE709CC-12C5-4B25-9006-2453CA8E572F}
		{1C4654F4-7508-436C-892E-0196A632C163} = {2AE709CC-12C5-4B25-9006-2453CA8E572F}
		{9F8CDCD2-B15A-4EA5-94F6-585225875F44} = {2AE709CC-12C5-4B25-9006-2453CA8E572F}
		{EAA313FA-D43A-4B5D-B71E-9229BAA54518} = {65C5FBD5-3AE9-443E-ABCB-02FAAD788B52}
		{339588A4-5E88-4104-993C-106154969CF7} = {E875CA59-0222-4A41-9E74-E78D71F43E4A}
		{314724CE-4BA0-404F-A298-402392544ABC} = {EC468ED2-8317-4FA5-BFF8-24CBA11071B4}
		{2B05A9D2-D54C-4E8B-B16A-579DCB97D87C} = {EC468ED2-8317-4FA5-BFF8-24CBA11071B4}
		{F6A19D98-303A-4359-BE4B-A57FB91EDC5B} = {65C5FBD5-3AE9-443E-ABCB-02FAAD788B52}
		{3D744C0E-771B-4B78-91A2-BF7990305446} = {805224AD-95E2-45AA-8F33-FF0BD9788196}
		{B7027D2A-E495-4EC1-8369-09F9DD6680A8} = {65C5FBD5-3AE9-443E-ABCB-02FAAD788B52}
		{9EC09942-E93F-4B9D-9723-89BC6567FD9C} = {805224AD-95E2-45AA-8F33-FF0BD9788196}
		{CB39C7EE-B5B9-405A-8C4E-BA0E6F520846} = {2AE709CC-12C5-4B25-9006-2453CA8E572F}
		{D7D58FAF-60BE-4F2A-8845-D8D5357E8FA8} = {EC468ED2-8317-4FA5-BFF8-24CBA11071B4}
		{C5F0505C-E093-49AC-83FF-92C00D94F88E} = {D61D8A49-0157-4E68-A53A-10207D4359BB}
	EndGlobalSection
	GlobalSection(ExtensibilityGlobals) = postSolution
		SolutionGuid = {66A18F4B-7001-4004-A6E3-2A16BCD54E2F}
	EndGlobalSection
EndGlobal
